# THIS IS AN AUTOGENERATED FILE. DO NOT EDIT THIS FILE DIRECTLY.
# yarn lockfile v1


"@types/mime-types@^2.1.0":
  version "2.1.0"
  resolved "https://registry.npmjs.org/@types/mime-types/-/mime-types-2.1.0.tgz"

agent-base@5:
  version "5.1.1"
  resolved "https://registry.npmjs.org/agent-base/-/agent-base-5.1.1.tgz"

array-merge-by-key@^1.0.1:
  version "1.0.1"
  resolved "https://registry.npmjs.org/array-merge-by-key/-/array-merge-by-key-1.0.1.tgz"

async-limiter@~1.0.0:
  version "1.0.1"
  resolved "https://registry.npmjs.org/async-limiter/-/async-limiter-1.0.1.tgz"

balanced-match@^1.0.0:
  version "1.0.0"
  resolved "https://registry.npmjs.org/balanced-match/-/balanced-match-1.0.0.tgz"

bignumber.js@9.0.0:
  version "9.0.0"
  resolved "https://registry.npmjs.org/bignumber.js/-/bignumber.js-9.0.0.tgz"

brace-expansion@^1.1.7:
  version "1.1.11"
  resolved "https://registry.npmjs.org/brace-expansion/-/brace-expansion-1.1.11.tgz"
  dependencies:
    balanced-match "^1.0.0"
    concat-map "0.0.1"

buffer-crc32@~0.2.3:
  version "0.2.13"
  resolved "https://registry.npmjs.org/buffer-crc32/-/buffer-crc32-0.2.13.tgz"

buffer-from@^1.0.0:
  version "1.1.1"
  resolved "https://registry.npmjs.org/buffer-from/-/buffer-from-1.1.1.tgz"

concat-map@0.0.1:
  version "0.0.1"
  resolved "https://registry.npmjs.org/concat-map/-/concat-map-0.0.1.tgz"

concat-stream@^1.6.2:
  version "1.6.2"
  resolved "https://registry.npmjs.org/concat-stream/-/concat-stream-1.6.2.tgz"
  dependencies:
    buffer-from "^1.0.0"
    inherits "^2.0.3"
    readable-stream "^2.2.2"
    typedarray "^0.0.6"

core-util-is@~1.0.0:
  version "1.0.2"
  resolved "https://registry.npmjs.org/core-util-is/-/core-util-is-1.0.2.tgz"

debug@4, debug@^4.1.0:
  version "4.1.1"
  resolved "https://registry.npmjs.org/debug/-/debug-4.1.1.tgz"
  dependencies:
    ms "^2.1.1"

debug@^2.6.9:
  version "2.6.9"
  resolved "https://registry.npmjs.org/debug/-/debug-2.6.9.tgz"
  dependencies:
    ms "2.0.0"

extract-zip@^1.6.6:
  version "1.7.0"
  resolved "https://registry.npmjs.org/extract-zip/-/extract-zip-1.7.0.tgz"
  dependencies:
    concat-stream "^1.6.2"
    debug "^2.6.9"
    mkdirp "^0.5.4"
    yauzl "^2.10.0"

fd-slicer@~1.1.0:
  version "1.1.0"
  resolved "https://registry.npmjs.org/fd-slicer/-/fd-slicer-1.1.0.tgz"
  dependencies:
    pend "~1.2.0"

fs.realpath@^1.0.0:
  version "1.0.0"
  resolved "https://registry.npmjs.org/fs.realpath/-/fs.realpath-1.0.0.tgz"

glob@^7.1.3:
  version "7.1.6"
  resolved "https://registry.npmjs.org/glob/-/glob-7.1.6.tgz"
  dependencies:
    fs.realpath "^1.0.0"
    inflight "^1.0.4"
    inherits "2"
    minimatch "^3.0.4"
    once "^1.3.0"
    path-is-absolute "^1.0.0"

https-proxy-agent@^4.0.0:
  version "4.0.0"
  resolved "https://registry.npmjs.org/https-proxy-agent/-/https-proxy-agent-4.0.0.tgz"
  dependencies:
    agent-base "5"
    debug "4"

inflight@^1.0.4:
  version "1.0.6"
  resolved "https://registry.npmjs.org/inflight/-/inflight-1.0.6.tgz"
  dependencies:
    once "^1.3.0"
    wrappy "1"

inherits@2, inherits@^2.0.3, inherits@~2.0.3:
  version "2.0.4"
  resolved "https://registry.npmjs.org/inherits/-/inherits-2.0.4.tgz"

isarray@~1.0.0:
  version "1.0.0"
  resolved "https://registry.npmjs.org/isarray/-/isarray-1.0.0.tgz"

mime-db@1.43.0:
  version "1.43.0"
  resolved "https://registry.npmjs.org/mime-db/-/mime-db-1.43.0.tgz"

mime-types@^2.1.25:
  version "2.1.26"
  resolved "https://registry.npmjs.org/mime-types/-/mime-types-2.1.26.tgz"
  dependencies:
    mime-db "1.43.0"

mime@^2.0.3:
  version "2.4.4"
  resolved "https://registry.npmjs.org/mime/-/mime-2.4.4.tgz"

minimatch@^3.0.4:
  version "3.1.2"
  resolved "https://registry.yarnpkg.com/minimatch/-/minimatch-3.1.2.tgz#19cd194bfd3e428f049a70817c038d89ab4be35b"
  dependencies:
    brace-expansion "^1.1.7"

minimist@^1.2.6:
  version "1.2.6"
  resolved "https://registry.npmjs.org/minimist/-/minimist-1.2.6.tgz"

mkdirp@^0.5.4:
  version "0.5.6"
  resolved "https://registry.npmjs.org/mkdirp/-/mkdirp-0.5.6.tgz"
  dependencies:
    minimist "^1.2.6"

ms@2.0.0:
  version "2.0.0"
  resolved "https://registry.npmjs.org/ms/-/ms-2.0.0.tgz"

ms@^2.1.1:
  version "2.1.2"
  resolved "https://registry.npmjs.org/ms/-/ms-2.1.2.tgz"

mysql@^2.18.1:
  version "2.18.1"
  resolved "https://registry.npmjs.org/mysql/-/mysql-2.18.1.tgz"
  dependencies:
    bignumber.js "9.0.0"
    readable-stream "2.3.7"
    safe-buffer "5.1.2"
    sqlstring "2.3.1"

once@^1.3.0:
  version "1.4.0"
  resolved "https://registry.npmjs.org/once/-/once-1.4.0.tgz"
  dependencies:
    wrappy "1"

path-is-absolute@^1.0.0:
  version "1.0.1"
  resolved "https://registry.npmjs.org/path-is-absolute/-/path-is-absolute-1.0.1.tgz"

pend@~1.2.0:
  version "1.2.0"
  resolved "https://registry.npmjs.org/pend/-/pend-1.2.0.tgz"

process-nextick-args@~2.0.0:
  version "2.0.1"
  resolved "https://registry.npmjs.org/process-nextick-args/-/process-nextick-args-2.0.1.tgz"

progress@^2.0.1:
  version "2.0.3"
  resolved "https://registry.npmjs.org/progress/-/progress-2.0.3.tgz"

proxy-from-env@^1.0.0:
  version "1.0.0"
  resolved "https://registry.npmjs.org/proxy-from-env/-/proxy-from-env-1.0.0.tgz"

puppeteer@^2.1.1:
  version "2.1.1"
  resolved "https://registry.npmjs.org/puppeteer/-/puppeteer-2.1.1.tgz"
  dependencies:
    "@types/mime-types" "^2.1.0"
    debug "^4.1.0"
    extract-zip "^1.6.6"
    https-proxy-agent "^4.0.0"
    mime "^2.0.3"
    mime-types "^2.1.25"
    progress "^2.0.1"
    proxy-from-env "^1.0.0"
    rimraf "^2.6.1"
    ws "^6.1.0"

readable-stream@2.3.7, readable-stream@^2.2.2:
  version "2.3.7"
  resolved "https://registry.npmjs.org/readable-stream/-/readable-stream-2.3.7.tgz"
  dependencies:
    core-util-is "~1.0.0"
    inherits "~2.0.3"
    isarray "~1.0.0"
    process-nextick-args "~2.0.0"
    safe-buffer "~5.1.1"
    string_decoder "~1.1.1"
    util-deprecate "~1.0.1"

rimraf@^2.6.1:
  version "2.7.1"
  resolved "https://registry.npmjs.org/rimraf/-/rimraf-2.7.1.tgz"
  dependencies:
    glob "^7.1.3"

safe-buffer@5.1.2, safe-buffer@~5.1.0, safe-buffer@~5.1.1:
  version "5.1.2"
  resolved "https://registry.npmjs.org/safe-buffer/-/safe-buffer-5.1.2.tgz"

sqlstring@2.3.1:
  version "2.3.1"
  resolved "https://registry.npmjs.org/sqlstring/-/sqlstring-2.3.1.tgz"

string_decoder@~1.1.1:
  version "1.1.1"
  resolved "https://registry.npmjs.org/string_decoder/-/string_decoder-1.1.1.tgz"
  dependencies:
    safe-buffer "~5.1.0"

typedarray@^0.0.6:
  version "0.0.6"
  resolved "https://registry.npmjs.org/typedarray/-/typedarray-0.0.6.tgz"

util-deprecate@~1.0.1:
  version "1.0.2"
  resolved "https://registry.npmjs.org/util-deprecate/-/util-deprecate-1.0.2.tgz"

wrappy@1:
  version "1.0.2"
  resolved "https://registry.npmjs.org/wrappy/-/wrappy-1.0.2.tgz"

ws@^6.1.0:
  version "6.2.2"
  resolved "https://registry.npmjs.org/ws/-/ws-6.2.2.tgz"
  dependencies:
    async-limiter "~1.0.0"

yauzl@^2.10.0:
  version "2.10.0"
  resolved "https://registry.npmjs.org/yauzl/-/yauzl-2.10.0.tgz"
  dependencies:
    buffer-crc32 "~0.2.3"
    fd-slicer "~1.1.0"
